
Microsoft Visual Studio Solution File, Format Version 12.00
# Visual Studio Version 17
VisualStudioVersion = 17.1.32421.90
MinimumVisualStudioVersion = 10.0.40219.1
Project("{9A19103F-16F7-4668-BE54-9A1E7A4F7556}") = "RCARS.Interface", "RC_QueryService\RCARS.Interface.csproj", "{DC94F789-D98F-4E5B-9FBF-4117129BB417}"
EndProject
Project("{FAE04EC0-301F-11D3-BF4B-00C04F79EFBC}") = "RCARS.Interface.Tests", "RCARS.Interface.Tests\RCARS.Interface.Tests.csproj", "{6ECC7175-F3A3-4164-9A62-5056799856C7}"
EndProject
Global
	GlobalSection(SolutionConfigurationPlatforms) = preSolution
		Debug|Any CPU = Debug|Any CPU
		Release|Any CPU = Release|Any CPU
	EndGlobalSection
	GlobalSection(ProjectConfigurationPlatforms) = postSolution
		{DC94F789-D98F-4E5B-9FBF-4117129BB417}.Debug|Any CPU.ActiveCfg = Debug|Any CPU
		{DC94F789-D98F-4E5B-9FBF-4117129BB417}.Debug|Any CPU.Build.0 = Debug|Any CPU
		{DC94F789-D98F-4E5B-9FBF-4117129BB417}.Release|Any CPU.ActiveCfg = Release|Any CPU
		{DC94F789-D98F-4E5B-9FBF-4117129BB417}.Release|Any CPU.Build.0 = Release|Any CPU
		{6ECC7175-F3A3-4164-9A62-5056799856C7}.Debug|Any CPU.ActiveCfg = Debug|Any CPU
		{6ECC7175-F3A3-4164-9A62-5056799856C7}.Debug|Any CPU.Build.0 = Debug|Any CPU
		{6ECC7175-F3A3-4164-9A62-5056799856C7}.Release|Any CPU.ActiveCfg = Release|Any CPU
		{6ECC7175-F3A3-4164-9A62-5056799856C7}.Release|Any CPU.Build.0 = Release|Any CPU
	EndGlobalSection
	GlobalSection(SolutionProperties) = preSolution
		HideSolutionNode = FALSE
	EndGlobalSection
	GlobalSection(ExtensibilityGlobals) = postSolution
		SolutionGuid = {A002CEF7-662F-40A9-83E8-F64DBD26CA3E}
	EndGlobalSection
EndGlobal
